<Solution>
  <Folder Name="/src/">
    <Project Path="src/ERP.Api/ERP.Api.csproj" />
    <Project Path="src/ERP.Modules.Accounting/ERP.Modules.Accounting.csproj" />
    <Project Path="src/ERP.Modules.Products/ERP.Modules.Products.csproj" />
    <Project Path="src/ERP.Shared/ERP.Shared.csproj" />
  </Folder>
</Solution>
