
Microsoft Visual Studio Solution File, Format Version 12.00
# Visual Studio Version 17
VisualStudioVersion = 17.0.31903.59
MinimumVisualStudioVersion = 10.0.40219.1
Project("{2150E333-8FDC-42A3-9474-1A3956D46DE8}") = "src", "src", "{827E0CD3-B72D-47B6-A68D-7590B98EB39B}"
EndProject
Project("{FAE04EC0-301F-11D3-BF4B-00C04F79EFBC}") = "ZH.PrintAgent.Contracts", "src\ZH.PrintAgent.Contracts\ZH.PrintAgent.Contracts.csproj", "{9261917B-310B-4721-8DF1-238CC192E1CA}"
EndProject
Project("{FAE04EC0-301F-11D3-BF4B-00C04F79EFBC}") = "ZH.PrintAgent.Core", "src\ZH.PrintAgent.Core\ZH.PrintAgent.Core.csproj", "{EC8D7D64-0820-4A0A-A82F-C65371552BC3}"
EndProject
Project("{FAE04EC0-301F-11D3-BF4B-00C04F79EFBC}") = "ZH.PrintAgent.Infrastructure", "src\ZH.PrintAgent.Infrastructure\ZH.PrintAgent.Infrastructure.csproj", "{F750840E-B631-4A3B-8708-DE46C13F9482}"
EndProject
Project("{FAE04EC0-301F-11D3-BF4B-00C04F79EFBC}") = "ZH.PrintAgent.App", "src\ZH.PrintAgent.App\ZH.PrintAgent.App.csproj", "{012D89AF-F3A8-46B5-B821-160D76DC892B}"
EndProject
Project("{2150E333-8FDC-42A3-9474-1A3956D46DE8}") = "tests", "tests", "{0AB3BF05-4346-4AA6-1389-037BE0695223}"
EndProject
Project("{FAE04EC0-301F-11D3-BF4B-00C04F79EFBC}") = "ZH.PrintAgent.Core.Tests", "tests\ZH.PrintAgent.Core.Tests\ZH.PrintAgent.Core.Tests.csproj", "{2699ED90-EFAA-4617-9636-AC1976A0E455}"
EndProject
Project("{FAE04EC0-301F-11D3-BF4B-00C04F79EFBC}") = "ZH.PrintAgent.Infrastructure.Tests", "tests\ZH.PrintAgent.Infrastructure.Tests\ZH.PrintAgent.Infrastructure.Tests.csproj", "{C2173D93-E79F-4ADA-9352-4A9329B49EF2}"
EndProject
Project("{FAE04EC0-301F-11D3-BF4B-00C04F79EFBC}") = "ZH.PrintAgent.App.Tests", "tests\ZH.PrintAgent.App.Tests\ZH.PrintAgent.App.Tests.csproj", "{B9945813-33FA-4E6B-8C25-6710A7B184A5}"
EndProject
Global
	GlobalSection(SolutionConfigurationPlatforms) = preSolution
		Debug|Any CPU = Debug|Any CPU
		Debug|x64 = Debug|x64
		Debug|x86 = Debug|x86
		Release|Any CPU = Release|Any CPU
		Release|x64 = Release|x64
		Release|x86 = Release|x86
	EndGlobalSection
	GlobalSection(ProjectConfigurationPlatforms) = postSolution
		{9261917B-310B-4721-8DF1-238CC192E1CA}.Debug|Any CPU.ActiveCfg = Debug|Any CPU
		{9261917B-310B-4721-8DF1-238CC192E1CA}.Debug|Any CPU.Build.0 = Debug|Any CPU
		{9261917B-310B-4721-8DF1-238CC192E1CA}.Debug|x64.ActiveCfg = Debug|Any CPU
		{9261917B-310B-4721-8DF1-238CC192E1CA}.Debug|x64.Build.0 = Debug|Any CPU
		{9261917B-310B-4721-8DF1-238CC192E1CA}.Debug|x86.ActiveCfg = Debug|Any CPU
		{9261917B-310B-4721-8DF1-238CC192E1CA}.Debug|x86.Build.0 = Debug|Any CPU
		{9261917B-310B-4721-8DF1-238CC192E1CA}.Release|Any CPU.ActiveCfg = Release|Any CPU
		{9261917B-310B-4721-8DF1-238CC192E1CA}.Release|Any CPU.Build.0 = Release|Any CPU
		{9261917B-310B-4721-8DF1-238CC192E1CA}.Release|x64.ActiveCfg = Release|Any CPU
		{9261917B-310B-4721-8DF1-238CC192E1CA}.Release|x64.Build.0 = Release|Any CPU
		{9261917B-310B-4721-8DF1-238CC192E1CA}.Release|x86.ActiveCfg = Release|Any CPU
		{9261917B-310B-4721-8DF1-238CC192E1CA}.Release|x86.Build.0 = Release|Any CPU
		{EC8D7D64-0820-4A0A-A82F-C65371552BC3}.Debug|Any CPU.ActiveCfg = Debug|Any CPU
		{EC8D7D64-0820-4A0A-A82F-C65371552BC3}.Debug|Any CPU.Build.0 = Debug|Any CPU
		{EC8D7D64-0820-4A0A-A82F-C65371552BC3}.Debug|x64.ActiveCfg = Debug|Any CPU
		{EC8D7D64-0820-4A0A-A82F-C65371552BC3}.Debug|x64.Build.0 = Debug|Any CPU
		{EC8D7D64-0820-4A0A-A82F-C65371552BC3}.Debug|x86.ActiveCfg = Debug|Any CPU
		{EC8D7D64-0820-4A0A-A82F-C65371552BC3}.Debug|x86.Build.0 = Debug|Any CPU
		{EC8D7D64-0820-4A0A-A82F-C65371552BC3}.Release|Any CPU.ActiveCfg = Release|Any CPU
		{EC8D7D64-0820-4A0A-A82F-C65371552BC3}.Release|Any CPU.Build.0 = Release|Any CPU
		{EC8D7D64-0820-4A0A-A82F-C65371552BC3}.Release|x64.ActiveCfg = Release|Any CPU
		{EC8D7D64-0820-4A0A-A82F-C65371552BC3}.Release|x64.Build.0 = Release|Any CPU
		{EC8D7D64-0820-4A0A-A82F-C65371552BC3}.Release|x86.ActiveCfg = Release|Any CPU
		{EC8D7D64-0820-4A0A-A82F-C65371552BC3}.Release|x86.Build.0 = Release|Any CPU
		{F750840E-B631-4A3B-8708-DE46C13F9482}.Debug|Any CPU.ActiveCfg = Debug|Any CPU
		{F750840E-B631-4A3B-8708-DE46C13F9482}.Debug|Any CPU.Build.0 = Debug|Any CPU
		{F750840E-B631-4A3B-8708-DE46C13F9482}.Debug|x64.ActiveCfg = Debug|Any CPU
		{F750840E-B631-4A3B-8708-DE46C13F9482}.Debug|x64.Build.0 = Debug|Any CPU
		{F750840E-B631-4A3B-8708-DE46C13F9482}.Debug|x86.ActiveCfg = Debug|Any CPU
		{F750840E-B631-4A3B-8708-DE46C13F9482}.Debug|x86.Build.0 = Debug|Any CPU
		{F750840E-B631-4A3B-8708-DE46C13F9482}.Release|Any CPU.ActiveCfg = Release|Any CPU
		{F750840E-B631-4A3B-8708-DE46C13F9482}.Release|Any CPU.Build.0 = Release|Any CPU
		{F750840E-B631-4A3B-8708-DE46C13F9482}.Release|x64.ActiveCfg = Release|Any CPU
		{F750840E-B631-4A3B-8708-DE46C13F9482}.Release|x64.Build.0 = Release|Any CPU
		{F750840E-B631-4A3B-8708-DE46C13F9482}.Release|x86.ActiveCfg = Release|Any CPU
		{F750840E-B631-4A3B-8708-DE46C13F9482}.Release|x86.Build.0 = Release|Any CPU
		{012D89AF-F3A8-46B5-B821-160D76DC892B}.Debug|Any CPU.ActiveCfg = Debug|Any CPU
		{012D89AF-F3A8-46B5-B821-160D76DC892B}.Debug|Any CPU.Build.0 = Debug|Any CPU
		{012D89AF-F3A8-46B5-B821-160D76DC892B}.Debug|x64.ActiveCfg = Debug|Any CPU
		{012D89AF-F3A8-46B5-B821-160D76DC892B}.Debug|x64.Build.0 = Debug|Any CPU
		{012D89AF-F3A8-46B5-B821-160D76DC892B}.Debug|x86.ActiveCfg = Debug|Any CPU
		{012D89AF-F3A8-46B5-B821-160D76DC892B}.Debug|x86.Build.0 = Debug|Any CPU
		{012D89AF-F3A8-46B5-B821-160D76DC892B}.Release|Any CPU.ActiveCfg = Release|Any CPU
		{012D89AF-F3A8-46B5-B821-160D76DC892B}.Release|Any CPU.Build.0 = Release|Any CPU
		{012D89AF-F3A8-46B5-B821-160D76DC892B}.Release|x64.ActiveCfg = Release|Any CPU
		{012D89AF-F3A8-46B5-B821-160D76DC892B}.Release|x64.Build.0 = Release|Any CPU
		{012D89AF-F3A8-46B5-B821-160D76DC892B}.Release|x86.ActiveCfg = Release|Any CPU
		{012D89AF-F3A8-46B5-B821-160D76DC892B}.Release|x86.Build.0 = Release|Any CPU
		{2699ED90-EFAA-4617-9636-AC1976A0E455}.Debug|Any CPU.ActiveCfg = Debug|Any CPU
		{2699ED90-EFAA-4617-9636-AC1976A0E455}.Debug|Any CPU.Build.0 = Debug|Any CPU
		{2699ED90-EFAA-4617-9636-AC1976A0E455}.Debug|x64.ActiveCfg = Debug|Any CPU
		{2699ED90-EFAA-4617-9636-AC1976A0E455}.Debug|x64.Build.0 = Debug|Any CPU
		{2699ED90-EFAA-4617-9636-AC1976A0E455}.Debug|x86.ActiveCfg = Debug|Any CPU
		{2699ED90-EFAA-4617-9636-AC1976A0E455}.Debug|x86.Build.0 = Debug|Any CPU
		{2699ED90-EFAA-4617-9636-AC1976A0E455}.Release|Any CPU.ActiveCfg = Release|Any CPU
		{2699ED90-EFAA-4617-9636-AC1976A0E455}.Release|Any CPU.Build.0 = Release|Any CPU
		{2699ED90-EFAA-4617-9636-AC1976A0E455}.Release|x64.ActiveCfg = Release|Any CPU
		{2699ED90-EFAA-4617-9636-AC1976A0E455}.Release|x64.Build.0 = Release|Any CPU
		{2699ED90-EFAA-4617-9636-AC1976A0E455}.Release|x86.ActiveCfg = Release|Any CPU
		{2699ED90-EFAA-4617-9636-AC1976A0E455}.Release|x86.Build.0 = Release|Any CPU
		{C2173D93-E79F-4ADA-9352-4A9329B49EF2}.Debug|Any CPU.ActiveCfg = Debug|Any CPU
		{C2173D93-E79F-4ADA-9352-4A9329B49EF2}.Debug|Any CPU.Build.0 = Debug|Any CPU
		{C2173D93-E79F-4ADA-9352-4A9329B49EF2}.Debug|x64.ActiveCfg = Debug|Any CPU
		{C2173D93-E79F-4ADA-9352-4A9329B49EF2}.Debug|x64.Build.0 = Debug|Any CPU
		{C2173D93-E79F-4ADA-9352-4A9329B49EF2}.Debug|x86.ActiveCfg = Debug|Any CPU
		{C2173D93-E79F-4ADA-9352-4A9329B49EF2}.Debug|x86.Build.0 = Debug|Any CPU
		{C2173D93-E79F-4ADA-9352-4A9329B49EF2}.Release|Any CPU.ActiveCfg = Release|Any CPU
		{C2173D93-E79F-4ADA-9352-4A9329B49EF2}.Release|Any CPU.Build.0 = Release|Any CPU
		{C2173D93-E79F-4ADA-9352-4A9329B49EF2}.Release|x64.ActiveCfg = Release|Any CPU
		{C2173D93-E79F-4ADA-9352-4A9329B49EF2}.Release|x64.Build.0 = Release|Any CPU
		{C2173D93-E79F-4ADA-9352-4A9329B49EF2}.Release|x86.ActiveCfg = Release|Any CPU
		{C2173D93-E79F-4ADA-9352-4A9329B49EF2}.Release|x86.Build.0 = Release|Any CPU
		{B9945813-33FA-4E6B-8C25-6710A7B184A5}.Debug|Any CPU.ActiveCfg = Debug|Any CPU
		{B9945813-33FA-4E6B-8C25-6710A7B184A5}.Debug|Any CPU.Build.0 = Debug|Any CPU
		{B9945813-33FA-4E6B-8C25-6710A7B184A5}.Debug|x64.ActiveCfg = Debug|Any CPU
		{B9945813-33FA-4E6B-8C25-6710A7B184A5}.Debug|x64.Build.0 = Debug|Any CPU
		{B9945813-33FA-4E6B-8C25-6710A7B184A5}.Debug|x86.ActiveCfg = Debug|Any CPU
		{B9945813-33FA-4E6B-8C25-6710A7B184A5}.Debug|x86.Build.0 = Debug|Any CPU
		{B9945813-33FA-4E6B-8C25-6710A7B184A5}.Release|Any CPU.ActiveCfg = Release|Any CPU
		{B9945813-33FA-4E6B-8C25-6710A7B184A5}.Release|Any CPU.Build.0 = Release|Any CPU
		{B9945813-33FA-4E6B-8C25-6710A7B184A5}.Release|x64.ActiveCfg = Release|Any CPU
		{B9945813-33FA-4E6B-8C25-6710A7B184A5}.Release|x64.Build.0 = Release|Any CPU
		{B9945813-33FA-4E6B-8C25-6710A7B184A5}.Release|x86.ActiveCfg = Release|Any CPU
		{B9945813-33FA-4E6B-8C25-6710A7B184A5}.Release|x86.Build.0 = Release|Any CPU
	EndGlobalSection
	GlobalSection(SolutionProperties) = preSolution
		HideSolutionNode = FALSE
	EndGlobalSection
	GlobalSection(NestedProjects) = preSolution
		{9261917B-310B-4721-8DF1-238CC192E1CA} = {827E0CD3-B72D-47B6-A68D-7590B98EB39B}
		{EC8D7D64-0820-4A0A-A82F-C65371552BC3} = {827E0CD3-B72D-47B6-A68D-7590B98EB39B}
		{F750840E-B631-4A3B-8708-DE46C13F9482} = {827E0CD3-B72D-47B6-A68D-7590B98EB39B}
		{012D89AF-F3A8-46B5-B821-160D76DC892B} = {827E0CD3-B72D-47B6-A68D-7590B98EB39B}
		{2699ED90-EFAA-4617-9636-AC1976A0E455} = {0AB3BF05-4346-4AA6-1389-037BE0695223}
		{C2173D93-E79F-4ADA-9352-4A9329B49EF2} = {0AB3BF05-4346-4AA6-1389-037BE0695223}
		{B9945813-33FA-4E6B-8C25-6710A7B184A5} = {0AB3BF05-4346-4AA6-1389-037BE0695223}
	EndGlobalSection
EndGlobal
